
Microsoft Visual Studio Solution File, Format Version 12.00
# Visual Studio Version 17
VisualStudioVersion = 17.5.2.0
MinimumVisualStudioVersion = 10.0.40219.1
Project("{FAE04EC0-301F-11D3-BF4B-00C04F79EFBC}") = "CS690-Project-MoodTracker", "CS690-Project-MoodTracker.csproj", "{4E814B1B-22E3-997E-B62B-4AAF0EE7E122}"
EndProject
Project("{2150E333-8FDC-42A3-9474-1A3956D46DE8}") = "MoodTrackerApp", "MoodTrackerApp", "{53F43DBB-EF2A-EFAD-1283-BF951D7AB555}"
EndProject
Project("{2150E333-8FDC-42A3-9474-1A3956D46DE8}") = "obj", "obj", "{BBC6660E-174F-AC73-A818-115846135629}"
EndProject
Project("{FAE04EC0-301F-11D3-BF4B-00C04F79EFBC}") = "MoodTrackerApp", "MoodTrackerApp\obj\MoodTrackerApp.csproj", "{547F36C8-02B3-F6D3-2E67-3D97D1B11E08}"
EndProject
Global
	GlobalSection(SolutionConfigurationPlatforms) = preSolution
		Debug|Any CPU = Debug|Any CPU
		Debug|x64 = Debug|x64
		Debug|x86 = Debug|x86
		Release|Any CPU = Release|Any CPU
		Release|x64 = Release|x64
		Release|x86 = Release|x86
	EndGlobalSection
	GlobalSection(ProjectConfigurationPlatforms) = postSolution
		{4E814B1B-22E3-997E-B62B-4AAF0EE7E122}.Debug|Any CPU.ActiveCfg = Debug|Any CPU
		{4E814B1B-22E3-997E-B62B-4AAF0EE7E122}.Debug|Any CPU.Build.0 = Debug|Any CPU
		{4E814B1B-22E3-997E-B62B-4AAF0EE7E122}.Debug|x64.ActiveCfg = Debug|Any CPU
		{4E814B1B-22E3-997E-B62B-4AAF0EE7E122}.Debug|x64.Build.0 = Debug|Any CPU
		{4E814B1B-22E3-997E-B62B-4AAF0EE7E122}.Debug|x86.ActiveCfg = Debug|Any CPU
		{4E814B1B-22E3-997E-B62B-4AAF0EE7E122}.Debug|x86.Build.0 = Debug|Any CPU
		{4E814B1B-22E3-997E-B62B-4AAF0EE7E122}.Release|Any CPU.ActiveCfg = Release|Any CPU
		{4E814B1B-22E3-997E-B62B-4AAF0EE7E122}.Release|Any CPU.Build.0 = Release|Any CPU
		{4E814B1B-22E3-997E-B62B-4AAF0EE7E122}.Release|x64.ActiveCfg = Release|Any CPU
		{4E814B1B-22E3-997E-B62B-4AAF0EE7E122}.Release|x64.Build.0 = Release|Any CPU
		{4E814B1B-22E3-997E-B62B-4AAF0EE7E122}.Release|x86.ActiveCfg = Release|Any CPU
		{4E814B1B-22E3-997E-B62B-4AAF0EE7E122}.Release|x86.Build.0 = Release|Any CPU
		{547F36C8-02B3-F6D3-2E67-3D97D1B11E08}.Debug|Any CPU.ActiveCfg = Debug|Any CPU
		{547F36C8-02B3-F6D3-2E67-3D97D1B11E08}.Debug|Any CPU.Build.0 = Debug|Any CPU
		{547F36C8-02B3-F6D3-2E67-3D97D1B11E08}.Debug|x64.ActiveCfg = Debug|Any CPU
		{547F36C8-02B3-F6D3-2E67-3D97D1B11E08}.Debug|x64.Build.0 = Debug|Any CPU
		{547F36C8-02B3-F6D3-2E67-3D97D1B11E08}.Debug|x86.ActiveCfg = Debug|Any CPU
		{547F36C8-02B3-F6D3-2E67-3D97D1B11E08}.Debug|x86.Build.0 = Debug|Any CPU
		{547F36C8-02B3-F6D3-2E67-3D97D1B11E08}.Release|Any CPU.ActiveCfg = Release|Any CPU
		{547F36C8-02B3-F6D3-2E67-3D97D1B11E08}.Release|Any CPU.Build.0 = Release|Any CPU
		{547F36C8-02B3-F6D3-2E67-3D97D1B11E08}.Release|x64.ActiveCfg = Release|Any CPU
		{547F36C8-02B3-F6D3-2E67-3D97D1B11E08}.Release|x64.Build.0 = Release|Any CPU
		{547F36C8-02B3-F6D3-2E67-3D97D1B11E08}.Release|x86.ActiveCfg = Release|Any CPU
		{547F36C8-02B3-F6D3-2E67-3D97D1B11E08}.Release|x86.Build.0 = Release|Any CPU
	EndGlobalSection
	GlobalSection(SolutionProperties) = preSolution
		HideSolutionNode = FALSE
	EndGlobalSection
	GlobalSection(NestedProjects) = preSolution
		{BBC6660E-174F-AC73-A818-115846135629} = {53F43DBB-EF2A-EFAD-1283-BF951D7AB555}
		{547F36C8-02B3-F6D3-2E67-3D97D1B11E08} = {BBC6660E-174F-AC73-A818-115846135629}
	EndGlobalSection
	GlobalSection(ExtensibilityGlobals) = postSolution
		SolutionGuid = {86834FF4-6551-4338-9FF4-C0DDFCEEFBA7}
	EndGlobalSection
EndGlobal
